
Microsoft Visual Studio Solution File, Format Version 12.00
# Visual Studio Version 16
VisualStudioVersion = 16.0.30204.135
MinimumVisualStudioVersion = 10.0.40219.1
Project("{9A19103F-16F7-4668-BE54-9A1E7A4F7556}") = "Horizon.Core", "Horizon.Core\Horizon.Core.csproj", "{0F6635E7-70EE-40B9-B4D0-1C290E8FEDE5}"
EndProject
Project("{9A19103F-16F7-4668-BE54-9A1E7A4F7556}") = "Horizon.DataAccess", "Horizon.DataAccess\Horizon.DataAccess.csproj", "{4574EE91-8D1F-40CF-B203-7E739EDE5EDF}"
EndProject
Project("{9A19103F-16F7-4668-BE54-9A1E7A4F7556}") = "Horizon.RPC", "Horizon.RPC\Horizon.RPC.csproj", "{533FA57B-D13F-49A9-A32E-0325FDFAA943}"
EndProject
Project("{9A19103F-16F7-4668-BE54-9A1E7A4F7556}") = "Horizon.Consul", "Horizon.Consul\Horizon.Consul.csproj", "{D6130DD6-9539-4103-AE1F-6B6F6EEAC773}"
EndProject
Project("{FAE04EC0-301F-11D3-BF4B-00C04F79EFBC}") = "Horizon.StackExchangeRedis", "Horizon.Redis\Horizon.StackExchangeRedis.csproj", "{F5E77F05-D492-441F-8AB2-C120973B53B6}"
EndProject
Project("{FAE04EC0-301F-11D3-BF4B-00C04F79EFBC}") = "Horizon.ServiceStackRedis", "Horizon.ServiceStackRedis\Horizon.ServiceStackRedis.csproj", "{D8AE6543-A8CB-4A51-98B0-6E2B2D5023AB}"
EndProject
Project("{FAE04EC0-301F-11D3-BF4B-00C04F79EFBC}") = "Horizon.AutoFac", "Horizon.AutoFac\Horizon.AutoFac.csproj", "{14AA0F45-0B8F-4947-A53F-2605CADC419A}"
EndProject
Project("{FAE04EC0-301F-11D3-BF4B-00C04F79EFBC}") = "Horizon.RocketMQ", "Horizon.RocketMQ\Horizon.RocketMQ.csproj", "{C3191846-1C1E-4D97-BF37-AED009CCD75A}"
EndProject
Project("{FAE04EC0-301F-11D3-BF4B-00C04F79EFBC}") = "Horizon.RabbitMQ", "Horizon.RabbitMQ\Horizon.RabbitMQ.csproj", "{0200889E-C73D-4225-8E48-EC73D09A2A15}"
EndProject
Project("{2150E333-8FDC-42A3-9474-1A3956D46DE8}") = "MQ", "MQ", "{7EB49A7F-BA9C-43A0-A078-E5B0F2938C05}"
EndProject
Project("{2150E333-8FDC-42A3-9474-1A3956D46DE8}") = "RPC", "RPC", "{8F02240C-9DE6-4A13-A6B5-E5B3586A578F}"
EndProject
Project("{FAE04EC0-301F-11D3-BF4B-00C04F79EFBC}") = "Horizon.GRPC", "Horizon.GRPC\Horizon.GRPC.csproj", "{879B6671-E743-4257-91E1-941F3E436C4D}"
EndProject
Project("{2150E333-8FDC-42A3-9474-1A3956D46DE8}") = "sample", "sample", "{E58F2638-03AE-4FED-9304-BAD3880E85B9}"
EndProject
Project("{FAE04EC0-301F-11D3-BF4B-00C04F79EFBC}") = "Horizon.Sample.GrpcServices", "Horizon.Sample.GrpcServices\Horizon.Sample.GrpcServices.csproj", "{B99D3217-80BE-4860-940B-389CADCB2C35}"
EndProject
Project("{FAE04EC0-301F-11D3-BF4B-00C04F79EFBC}") = "Horizon.Sample.AspNetCore", "Horizon.Sample.AspNetCore\Horizon.Sample.AspNetCore.csproj", "{C4878347-B763-40A0-87E6-96546504827E}"
EndProject
Global
	GlobalSection(SolutionConfigurationPlatforms) = preSolution
		Debug|Any CPU = Debug|Any CPU
		Release|Any CPU = Release|Any CPU
	EndGlobalSection
	GlobalSection(ProjectConfigurationPlatforms) = postSolution
		{0F6635E7-70EE-40B9-B4D0-1C290E8FEDE5}.Debug|Any CPU.ActiveCfg = Debug|Any CPU
		{0F6635E7-70EE-40B9-B4D0-1C290E8FEDE5}.Debug|Any CPU.Build.0 = Debug|Any CPU
		{0F6635E7-70EE-40B9-B4D0-1C290E8FEDE5}.Release|Any CPU.ActiveCfg = Release|Any CPU
		{0F6635E7-70EE-40B9-B4D0-1C290E8FEDE5}.Release|Any CPU.Build.0 = Release|Any CPU
		{4574EE91-8D1F-40CF-B203-7E739EDE5EDF}.Debug|Any CPU.ActiveCfg = Debug|Any CPU
		{4574EE91-8D1F-40CF-B203-7E739EDE5EDF}.Debug|Any CPU.Build.0 = Debug|Any CPU
		{4574EE91-8D1F-40CF-B203-7E739EDE5EDF}.Release|Any CPU.ActiveCfg = Release|Any CPU
		{4574EE91-8D1F-40CF-B203-7E739EDE5EDF}.Release|Any CPU.Build.0 = Release|Any CPU
		{533FA57B-D13F-49A9-A32E-0325FDFAA943}.Debug|Any CPU.ActiveCfg = Debug|Any CPU
		{533FA57B-D13F-49A9-A32E-0325FDFAA943}.Debug|Any CPU.Build.0 = Debug|Any CPU
		{533FA57B-D13F-49A9-A32E-0325FDFAA943}.Release|Any CPU.ActiveCfg = Release|Any CPU
		{533FA57B-D13F-49A9-A32E-0325FDFAA943}.Release|Any CPU.Build.0 = Release|Any CPU
		{D6130DD6-9539-4103-AE1F-6B6F6EEAC773}.Debug|Any CPU.ActiveCfg = Debug|Any CPU
		{D6130DD6-9539-4103-AE1F-6B6F6EEAC773}.Debug|Any CPU.Build.0 = Debug|Any CPU
		{D6130DD6-9539-4103-AE1F-6B6F6EEAC773}.Release|Any CPU.ActiveCfg = Release|Any CPU
		{D6130DD6-9539-4103-AE1F-6B6F6EEAC773}.Release|Any CPU.Build.0 = Release|Any CPU
		{F5E77F05-D492-441F-8AB2-C120973B53B6}.Debug|Any CPU.ActiveCfg = Debug|Any CPU
		{F5E77F05-D492-441F-8AB2-C120973B53B6}.Debug|Any CPU.Build.0 = Debug|Any CPU
		{F5E77F05-D492-441F-8AB2-C120973B53B6}.Release|Any CPU.ActiveCfg = Release|Any CPU
		{F5E77F05-D492-441F-8AB2-C120973B53B6}.Release|Any CPU.Build.0 = Release|Any CPU
		{D8AE6543-A8CB-4A51-98B0-6E2B2D5023AB}.Debug|Any CPU.ActiveCfg = Debug|Any CPU
		{D8AE6543-A8CB-4A51-98B0-6E2B2D5023AB}.Debug|Any CPU.Build.0 = Debug|Any CPU
		{D8AE6543-A8CB-4A51-98B0-6E2B2D5023AB}.Release|Any CPU.ActiveCfg = Release|Any CPU
		{D8AE6543-A8CB-4A51-98B0-6E2B2D5023AB}.Release|Any CPU.Build.0 = Release|Any CPU
		{14AA0F45-0B8F-4947-A53F-2605CADC419A}.Debug|Any CPU.ActiveCfg = Debug|Any CPU
		{14AA0F45-0B8F-4947-A53F-2605CADC419A}.Debug|Any CPU.Build.0 = Debug|Any CPU
		{14AA0F45-0B8F-4947-A53F-2605CADC419A}.Release|Any CPU.ActiveCfg = Release|Any CPU
		{14AA0F45-0B8F-4947-A53F-2605CADC419A}.Release|Any CPU.Build.0 = Release|Any CPU
		{C3191846-1C1E-4D97-BF37-AED009CCD75A}.Debug|Any CPU.ActiveCfg = Debug|Any CPU
		{C3191846-1C1E-4D97-BF37-AED009CCD75A}.Debug|Any CPU.Build.0 = Debug|Any CPU
		{C3191846-1C1E-4D97-BF37-AED009CCD75A}.Release|Any CPU.ActiveCfg = Release|Any CPU
		{C3191846-1C1E-4D97-BF37-AED009CCD75A}.Release|Any CPU.Build.0 = Release|Any CPU
		{0200889E-C73D-4225-8E48-EC73D09A2A15}.Debug|Any CPU.ActiveCfg = Debug|Any CPU
		{0200889E-C73D-4225-8E48-EC73D09A2A15}.Debug|Any CPU.Build.0 = Debug|Any CPU
		{0200889E-C73D-4225-8E48-EC73D09A2A15}.Release|Any CPU.ActiveCfg = Release|Any CPU
		{0200889E-C73D-4225-8E48-EC73D09A2A15}.Release|Any CPU.Build.0 = Release|Any CPU
		{879B6671-E743-4257-91E1-941F3E436C4D}.Debug|Any CPU.ActiveCfg = Debug|Any CPU
		{879B6671-E743-4257-91E1-941F3E436C4D}.Debug|Any CPU.Build.0 = Debug|Any CPU
		{879B6671-E743-4257-91E1-941F3E436C4D}.Release|Any CPU.ActiveCfg = Release|Any CPU
		{879B6671-E743-4257-91E1-941F3E436C4D}.Release|Any CPU.Build.0 = Release|Any CPU
		{B99D3217-80BE-4860-940B-389CADCB2C35}.Debug|Any CPU.ActiveCfg = Debug|Any CPU
		{B99D3217-80BE-4860-940B-389CADCB2C35}.Debug|Any CPU.Build.0 = Debug|Any CPU
		{B99D3217-80BE-4860-940B-389CADCB2C35}.Release|Any CPU.ActiveCfg = Release|Any CPU
		{B99D3217-80BE-4860-940B-389CADCB2C35}.Release|Any CPU.Build.0 = Release|Any CPU
		{C4878347-B763-40A0-87E6-96546504827E}.Debug|Any CPU.ActiveCfg = Debug|Any CPU
		{C4878347-B763-40A0-87E6-96546504827E}.Debug|Any CPU.Build.0 = Debug|Any CPU
		{C4878347-B763-40A0-87E6-96546504827E}.Release|Any CPU.ActiveCfg = Release|Any CPU
		{C4878347-B763-40A0-87E6-96546504827E}.Release|Any CPU.Build.0 = Release|Any CPU
	EndGlobalSection
	GlobalSection(SolutionProperties) = preSolution
		HideSolutionNode = FALSE
	EndGlobalSection
	GlobalSection(NestedProjects) = preSolution
		{C3191846-1C1E-4D97-BF37-AED009CCD75A} = {7EB49A7F-BA9C-43A0-A078-E5B0F2938C05}
		{0200889E-C73D-4225-8E48-EC73D09A2A15} = {7EB49A7F-BA9C-43A0-A078-E5B0F2938C05}
		{879B6671-E743-4257-91E1-941F3E436C4D} = {8F02240C-9DE6-4A13-A6B5-E5B3586A578F}
		{B99D3217-80BE-4860-940B-389CADCB2C35} = {E58F2638-03AE-4FED-9304-BAD3880E85B9}
		{C4878347-B763-40A0-87E6-96546504827E} = {E58F2638-03AE-4FED-9304-BAD3880E85B9}
	EndGlobalSection
	GlobalSection(ExtensibilityGlobals) = postSolution
		SolutionGuid = {4C2F5E75-15D5-4C12-968B-1C5117ADD1DB}
	EndGlobalSection
EndGlobal
