
Microsoft Visual Studio Solution File, Format Version 12.00
# Visual Studio Version 16
VisualStudioVersion = 16.0.30204.135
MinimumVisualStudioVersion = 10.0.40219.1
Project("{9A19103F-16F7-4668-BE54-9A1E7A4F7556}") = "Horizon.Core", "Horizon.Core\Horizon.Core.csproj", "{0F6635E7-70EE-40B9-B4D0-1C290E8FEDE5}"
EndProject
Project("{9A19103F-16F7-4668-BE54-9A1E7A4F7556}") = "Horizon.DataAccess", "Horizon.DataAccess\Horizon.DataAccess.csproj", "{4574EE91-8D1F-40CF-B203-7E739EDE5EDF}"
EndProject
Project("{9A19103F-16F7-4668-BE54-9A1E7A4F7556}") = "Horizon.RPC", "Horizon.RPC\Horizon.RPC.csproj", "{533FA57B-D13F-49A9-A32E-0325FDFAA943}"
EndProject
Project("{9A19103F-16F7-4668-BE54-9A1E7A4F7556}") = "Horizon.Consul", "Horizon.Consul\Horizon.Consul.csproj", "{D6130DD6-9539-4103-AE1F-6B6F6EEAC773}"
EndProject
Project("{9A19103F-16F7-4668-BE54-9A1E7A4F7556}") = "Horizon.StackExchangeRedis", "Horizon.Redis\Horizon.StackExchangeRedis.csproj", "{F5E77F05-D492-441F-8AB2-C120973B53B6}"
EndProject
Project("{9A19103F-16F7-4668-BE54-9A1E7A4F7556}") = "Horizon.ServiceStackRedis", "Horizon.ServiceStackRedis\Horizon.ServiceStackRedis.csproj", "{D8AE6543-A8CB-4A51-98B0-6E2B2D5023AB}"
EndProject
Project("{9A19103F-16F7-4668-BE54-9A1E7A4F7556}") = "Horizon.AutoFac", "Horizon.AutoFac\Horizon.AutoFac.csproj", "{14AA0F45-0B8F-4947-A53F-2605CADC419A}"
EndProject
Project("{9A19103F-16F7-4668-BE54-9A1E7A4F7556}") = "Horizon.RocketMQ", "Horizon.RocketMQ\Horizon.RocketMQ.csproj", "{C3191846-1C1E-4D97-BF37-AED009CCD75A}"
EndProject
Project("{9A19103F-16F7-4668-BE54-9A1E7A4F7556}") = "Horizon.RabbitMQ", "Horizon.RabbitMQ\Horizon.RabbitMQ.csproj", "{0200889E-C73D-4225-8E48-EC73D09A2A15}"
EndProject
Project("{2150E333-8FDC-42A3-9474-1A3956D46DE8}") = "MQ", "MQ", "{7EB49A7F-BA9C-43A0-A078-E5B0F2938C05}"
EndProject
Project("{2150E333-8FDC-42A3-9474-1A3956D46DE8}") = "RPC", "RPC", "{8F02240C-9DE6-4A13-A6B5-E5B3586A578F}"
EndProject
Project("{9A19103F-16F7-4668-BE54-9A1E7A4F7556}") = "Horizon.GRPC", "Horizon.GRPC\Horizon.GRPC.csproj", "{879B6671-E743-4257-91E1-941F3E436C4D}"
EndProject
Project("{2150E333-8FDC-42A3-9474-1A3956D46DE8}") = "sample", "sample", "{E58F2638-03AE-4FED-9304-BAD3880E85B9}"
EndProject
Project("{9A19103F-16F7-4668-BE54-9A1E7A4F7556}") = "Horizon.Sample.GrpcServices", "Horizon.Sample.GrpcServices\Horizon.Sample.GrpcServices.csproj", "{B99D3217-80BE-4860-940B-389CADCB2C35}"
EndProject
Project("{9A19103F-16F7-4668-BE54-9A1E7A4F7556}") = "Horizon.Sample.AspNetCore", "Horizon.Sample.AspNetCore\Horizon.Sample.AspNetCore.csproj", "{C4878347-B763-40A0-87E6-96546504827E}"
EndProject
Project("{9A19103F-16F7-4668-BE54-9A1E7A4F7556}") = "Horizon.Sample.GrpcClient", "Horizon.Sample.GrpcClient\Horizon.Sample.GrpcClient.csproj", "{3809DE36-512C-425B-9A4D-C6CFE859FCD0}"
EndProject
Project("{9A19103F-16F7-4668-BE54-9A1E7A4F7556}") = "Horizon.Sample.Grpccontract", "Horizon.Sample.Grpccontract\Horizon.Sample.Grpccontract.csproj", "{9FDC2B56-B62F-49D7-A36C-3BF0EB9E9BF8}"
EndProject
Project("{9A19103F-16F7-4668-BE54-9A1E7A4F7556}") = "Horizon.Sample.ConAppService", "Horizon.Sample.ConAPP\Horizon.Sample.ConAppService.csproj", "{64F8C251-854E-441E-B674-3EF269509DAB}"
EndProject
Project("{9A19103F-16F7-4668-BE54-9A1E7A4F7556}") = "Horizon.Sample.ConAppClinet", "Horizon.Sample.ConAppClinet\Horizon.Sample.ConAppClinet.csproj", "{63DF5974-0F00-49FB-B4A8-D17E581685CA}"
EndProject
Project("{2150E333-8FDC-42A3-9474-1A3956D46DE8}") = "CodeFirst", "CodeFirst", "{FD606307-A69B-4643-94EC-91ED5C2BA93B}"
EndProject
Project("{2150E333-8FDC-42A3-9474-1A3956D46DE8}") = "ModelFirst", "ModelFirst", "{30645BCF-4287-4349-940C-5F4A296977A3}"
EndProject
Project("{9A19103F-16F7-4668-BE54-9A1E7A4F7556}") = "Horizon.Extensions", "Horizon.Extensions\Horizon.Extensions.csproj", "{D274765A-FECC-4C60-8A92-E32F14FB6E01}"
EndProject
Project("{9A19103F-16F7-4668-BE54-9A1E7A4F7556}") = "Horizon.Sample.WebApi", "Horizon.Sample.WebApi\Horizon.Sample.WebApi.csproj", "{2D743257-FE82-40C3-B0AF-7FD0B08F62EA}"
EndProject
Project("{9A19103F-16F7-4668-BE54-9A1E7A4F7556}") = "Horizon.IdentityServer", "Horizon.IdentityServer\Horizon.IdentityServer.csproj", "{9F537FE2-F20E-489A-9280-2D31500D1D8F}"
EndProject
Global
	GlobalSection(SolutionConfigurationPlatforms) = preSolution
		Debug|Any CPU = Debug|Any CPU
		Release|Any CPU = Release|Any CPU
	EndGlobalSection
	GlobalSection(ProjectConfigurationPlatforms) = postSolution
		{0F6635E7-70EE-40B9-B4D0-1C290E8FEDE5}.Debug|Any CPU.ActiveCfg = Debug|Any CPU
		{0F6635E7-70EE-40B9-B4D0-1C290E8FEDE5}.Debug|Any CPU.Build.0 = Debug|Any CPU
		{0F6635E7-70EE-40B9-B4D0-1C290E8FEDE5}.Release|Any CPU.ActiveCfg = Release|Any CPU
		{0F6635E7-70EE-40B9-B4D0-1C290E8FEDE5}.Release|Any CPU.Build.0 = Release|Any CPU
		{4574EE91-8D1F-40CF-B203-7E739EDE5EDF}.Debug|Any CPU.ActiveCfg = Debug|Any CPU
		{4574EE91-8D1F-40CF-B203-7E739EDE5EDF}.Debug|Any CPU.Build.0 = Debug|Any CPU
		{4574EE91-8D1F-40CF-B203-7E739EDE5EDF}.Release|Any CPU.ActiveCfg = Release|Any CPU
		{4574EE91-8D1F-40CF-B203-7E739EDE5EDF}.Release|Any CPU.Build.0 = Release|Any CPU
		{533FA57B-D13F-49A9-A32E-0325FDFAA943}.Debug|Any CPU.ActiveCfg = Debug|Any CPU
		{533FA57B-D13F-49A9-A32E-0325FDFAA943}.Debug|Any CPU.Build.0 = Debug|Any CPU
		{533FA57B-D13F-49A9-A32E-0325FDFAA943}.Release|Any CPU.ActiveCfg = Release|Any CPU
		{533FA57B-D13F-49A9-A32E-0325FDFAA943}.Release|Any CPU.Build.0 = Release|Any CPU
		{D6130DD6-9539-4103-AE1F-6B6F6EEAC773}.Debug|Any CPU.ActiveCfg = Debug|Any CPU
		{D6130DD6-9539-4103-AE1F-6B6F6EEAC773}.Debug|Any CPU.Build.0 = Debug|Any CPU
		{D6130DD6-9539-4103-AE1F-6B6F6EEAC773}.Release|Any CPU.ActiveCfg = Release|Any CPU
		{D6130DD6-9539-4103-AE1F-6B6F6EEAC773}.Release|Any CPU.Build.0 = Release|Any CPU
		{F5E77F05-D492-441F-8AB2-C120973B53B6}.Debug|Any CPU.ActiveCfg = Debug|Any CPU
		{F5E77F05-D492-441F-8AB2-C120973B53B6}.Debug|Any CPU.Build.0 = Debug|Any CPU
		{F5E77F05-D492-441F-8AB2-C120973B53B6}.Release|Any CPU.ActiveCfg = Release|Any CPU
		{F5E77F05-D492-441F-8AB2-C120973B53B6}.Release|Any CPU.Build.0 = Release|Any CPU
		{D8AE6543-A8CB-4A51-98B0-6E2B2D5023AB}.Debug|Any CPU.ActiveCfg = Debug|Any CPU
		{D8AE6543-A8CB-4A51-98B0-6E2B2D5023AB}.Debug|Any CPU.Build.0 = Debug|Any CPU
		{D8AE6543-A8CB-4A51-98B0-6E2B2D5023AB}.Release|Any CPU.ActiveCfg = Release|Any CPU
		{D8AE6543-A8CB-4A51-98B0-6E2B2D5023AB}.Release|Any CPU.Build.0 = Release|Any CPU
		{14AA0F45-0B8F-4947-A53F-2605CADC419A}.Debug|Any CPU.ActiveCfg = Debug|Any CPU
		{14AA0F45-0B8F-4947-A53F-2605CADC419A}.Debug|Any CPU.Build.0 = Debug|Any CPU
		{14AA0F45-0B8F-4947-A53F-2605CADC419A}.Release|Any CPU.ActiveCfg = Release|Any CPU
		{14AA0F45-0B8F-4947-A53F-2605CADC419A}.Release|Any CPU.Build.0 = Release|Any CPU
		{C3191846-1C1E-4D97-BF37-AED009CCD75A}.Debug|Any CPU.ActiveCfg = Debug|Any CPU
		{C3191846-1C1E-4D97-BF37-AED009CCD75A}.Debug|Any CPU.Build.0 = Debug|Any CPU
		{C3191846-1C1E-4D97-BF37-AED009CCD75A}.Release|Any CPU.ActiveCfg = Release|Any CPU
		{C3191846-1C1E-4D97-BF37-AED009CCD75A}.Release|Any CPU.Build.0 = Release|Any CPU
		{0200889E-C73D-4225-8E48-EC73D09A2A15}.Debug|Any CPU.ActiveCfg = Debug|Any CPU
		{0200889E-C73D-4225-8E48-EC73D09A2A15}.Debug|Any CPU.Build.0 = Debug|Any CPU
		{0200889E-C73D-4225-8E48-EC73D09A2A15}.Release|Any CPU.ActiveCfg = Release|Any CPU
		{0200889E-C73D-4225-8E48-EC73D09A2A15}.Release|Any CPU.Build.0 = Release|Any CPU
		{879B6671-E743-4257-91E1-941F3E436C4D}.Debug|Any CPU.ActiveCfg = Debug|Any CPU
		{879B6671-E743-4257-91E1-941F3E436C4D}.Debug|Any CPU.Build.0 = Debug|Any CPU
		{879B6671-E743-4257-91E1-941F3E436C4D}.Release|Any CPU.ActiveCfg = Release|Any CPU
		{879B6671-E743-4257-91E1-941F3E436C4D}.Release|Any CPU.Build.0 = Release|Any CPU
		{B99D3217-80BE-4860-940B-389CADCB2C35}.Debug|Any CPU.ActiveCfg = Debug|Any CPU
		{B99D3217-80BE-4860-940B-389CADCB2C35}.Debug|Any CPU.Build.0 = Debug|Any CPU
		{B99D3217-80BE-4860-940B-389CADCB2C35}.Release|Any CPU.ActiveCfg = Release|Any CPU
		{B99D3217-80BE-4860-940B-389CADCB2C35}.Release|Any CPU.Build.0 = Release|Any CPU
		{C4878347-B763-40A0-87E6-96546504827E}.Debug|Any CPU.ActiveCfg = Debug|Any CPU
		{C4878347-B763-40A0-87E6-96546504827E}.Debug|Any CPU.Build.0 = Debug|Any CPU
		{C4878347-B763-40A0-87E6-96546504827E}.Release|Any CPU.ActiveCfg = Release|Any CPU
		{C4878347-B763-40A0-87E6-96546504827E}.Release|Any CPU.Build.0 = Release|Any CPU
		{3809DE36-512C-425B-9A4D-C6CFE859FCD0}.Debug|Any CPU.ActiveCfg = Debug|Any CPU
		{3809DE36-512C-425B-9A4D-C6CFE859FCD0}.Debug|Any CPU.Build.0 = Debug|Any CPU
		{3809DE36-512C-425B-9A4D-C6CFE859FCD0}.Release|Any CPU.ActiveCfg = Release|Any CPU
		{3809DE36-512C-425B-9A4D-C6CFE859FCD0}.Release|Any CPU.Build.0 = Release|Any CPU
		{9FDC2B56-B62F-49D7-A36C-3BF0EB9E9BF8}.Debug|Any CPU.ActiveCfg = Debug|Any CPU
		{9FDC2B56-B62F-49D7-A36C-3BF0EB9E9BF8}.Debug|Any CPU.Build.0 = Debug|Any CPU
		{9FDC2B56-B62F-49D7-A36C-3BF0EB9E9BF8}.Release|Any CPU.ActiveCfg = Release|Any CPU
		{9FDC2B56-B62F-49D7-A36C-3BF0EB9E9BF8}.Release|Any CPU.Build.0 = Release|Any CPU
		{64F8C251-854E-441E-B674-3EF269509DAB}.Debug|Any CPU.ActiveCfg = Debug|Any CPU
		{64F8C251-854E-441E-B674-3EF269509DAB}.Debug|Any CPU.Build.0 = Debug|Any CPU
		{64F8C251-854E-441E-B674-3EF269509DAB}.Release|Any CPU.ActiveCfg = Release|Any CPU
		{64F8C251-854E-441E-B674-3EF269509DAB}.Release|Any CPU.Build.0 = Release|Any CPU
		{63DF5974-0F00-49FB-B4A8-D17E581685CA}.Debug|Any CPU.ActiveCfg = Debug|Any CPU
		{63DF5974-0F00-49FB-B4A8-D17E581685CA}.Debug|Any CPU.Build.0 = Debug|Any CPU
		{63DF5974-0F00-49FB-B4A8-D17E581685CA}.Release|Any CPU.ActiveCfg = Release|Any CPU
		{63DF5974-0F00-49FB-B4A8-D17E581685CA}.Release|Any CPU.Build.0 = Release|Any CPU
		{D274765A-FECC-4C60-8A92-E32F14FB6E01}.Debug|Any CPU.ActiveCfg = Debug|Any CPU
		{D274765A-FECC-4C60-8A92-E32F14FB6E01}.Debug|Any CPU.Build.0 = Debug|Any CPU
		{D274765A-FECC-4C60-8A92-E32F14FB6E01}.Release|Any CPU.ActiveCfg = Release|Any CPU
		{D274765A-FECC-4C60-8A92-E32F14FB6E01}.Release|Any CPU.Build.0 = Release|Any CPU
		{2D743257-FE82-40C3-B0AF-7FD0B08F62EA}.Debug|Any CPU.ActiveCfg = Debug|Any CPU
		{2D743257-FE82-40C3-B0AF-7FD0B08F62EA}.Debug|Any CPU.Build.0 = Debug|Any CPU
		{2D743257-FE82-40C3-B0AF-7FD0B08F62EA}.Release|Any CPU.ActiveCfg = Release|Any CPU
		{2D743257-FE82-40C3-B0AF-7FD0B08F62EA}.Release|Any CPU.Build.0 = Release|Any CPU
		{9F537FE2-F20E-489A-9280-2D31500D1D8F}.Debug|Any CPU.ActiveCfg = Debug|Any CPU
		{9F537FE2-F20E-489A-9280-2D31500D1D8F}.Debug|Any CPU.Build.0 = Debug|Any CPU
		{9F537FE2-F20E-489A-9280-2D31500D1D8F}.Release|Any CPU.ActiveCfg = Release|Any CPU
		{9F537FE2-F20E-489A-9280-2D31500D1D8F}.Release|Any CPU.Build.0 = Release|Any CPU
	EndGlobalSection
	GlobalSection(SolutionProperties) = preSolution
		HideSolutionNode = FALSE
	EndGlobalSection
	GlobalSection(NestedProjects) = preSolution
		{533FA57B-D13F-49A9-A32E-0325FDFAA943} = {8F02240C-9DE6-4A13-A6B5-E5B3586A578F}
		{C3191846-1C1E-4D97-BF37-AED009CCD75A} = {7EB49A7F-BA9C-43A0-A078-E5B0F2938C05}
		{0200889E-C73D-4225-8E48-EC73D09A2A15} = {7EB49A7F-BA9C-43A0-A078-E5B0F2938C05}
		{879B6671-E743-4257-91E1-941F3E436C4D} = {8F02240C-9DE6-4A13-A6B5-E5B3586A578F}
		{B99D3217-80BE-4860-940B-389CADCB2C35} = {30645BCF-4287-4349-940C-5F4A296977A3}
		{C4878347-B763-40A0-87E6-96546504827E} = {30645BCF-4287-4349-940C-5F4A296977A3}
		{3809DE36-512C-425B-9A4D-C6CFE859FCD0} = {30645BCF-4287-4349-940C-5F4A296977A3}
		{9FDC2B56-B62F-49D7-A36C-3BF0EB9E9BF8} = {FD606307-A69B-4643-94EC-91ED5C2BA93B}
		{64F8C251-854E-441E-B674-3EF269509DAB} = {FD606307-A69B-4643-94EC-91ED5C2BA93B}
		{63DF5974-0F00-49FB-B4A8-D17E581685CA} = {FD606307-A69B-4643-94EC-91ED5C2BA93B}
		{FD606307-A69B-4643-94EC-91ED5C2BA93B} = {E58F2638-03AE-4FED-9304-BAD3880E85B9}
		{30645BCF-4287-4349-940C-5F4A296977A3} = {E58F2638-03AE-4FED-9304-BAD3880E85B9}
		{2D743257-FE82-40C3-B0AF-7FD0B08F62EA} = {E58F2638-03AE-4FED-9304-BAD3880E85B9}
	EndGlobalSection
	GlobalSection(ExtensibilityGlobals) = postSolution
		SolutionGuid = {4C2F5E75-15D5-4C12-968B-1C5117ADD1DB}
	EndGlobalSection
EndGlobal
